
Microsoft Visual Studio Solution File, Format Version 12.00
# Visual Studio Version 17
VisualStudioVersion = 17.5.002.0
MinimumVisualStudioVersion = 10.0.40219.1
Project("{2150E333-8FDC-42A3-9474-1A3956D46DE8}") = "ChallengeProject", "ChallengeProject", "{3EAF6AAB-3484-4CD5-BDC1-EB732E4ED313}"
EndProject
Project("{9A19103F-16F7-4668-BE54-9A1E7A4F7556}") = "Final", "ChallengeProject\Final\Final.csproj", "{38EBF5B8-B42A-43BD-9108-7F26BAC8D531}"
EndProject
Project("{9A19103F-16F7-4668-BE54-9A1E7A4F7556}") = "Starter", "ChallengeProject\Starter\Starter.csproj", "{A06AEB74-3A13-4349-A2FA-AB30D4D1EDF8}"
EndProject
Global
	GlobalSection(SolutionConfigurationPlatforms) = preSolution
		Debug|Any CPU = Debug|Any CPU
		Release|Any CPU = Release|Any CPU
	EndGlobalSection
	GlobalSection(ProjectConfigurationPlatforms) = postSolution
		{38EBF5B8-B42A-43BD-9108-7F26BAC8D531}.Debug|Any CPU.ActiveCfg = Debug|Any CPU
		{38EBF5B8-B42A-43BD-9108-7F26BAC8D531}.Debug|Any CPU.Build.0 = Debug|Any CPU
		{38EBF5B8-B42A-43BD-9108-7F26BAC8D531}.Release|Any CPU.ActiveCfg = Release|Any CPU
		{38EBF5B8-B42A-43BD-9108-7F26BAC8D531}.Release|Any CPU.Build.0 = Release|Any CPU
		{A06AEB74-3A13-4349-A2FA-AB30D4D1EDF8}.Debug|Any CPU.ActiveCfg = Debug|Any CPU
		{A06AEB74-3A13-4349-A2FA-AB30D4D1EDF8}.Debug|Any CPU.Build.0 = Debug|Any CPU
		{A06AEB74-3A13-4349-A2FA-AB30D4D1EDF8}.Release|Any CPU.ActiveCfg = Release|Any CPU
		{A06AEB74-3A13-4349-A2FA-AB30D4D1EDF8}.Release|Any CPU.Build.0 = Release|Any CPU
	EndGlobalSection
	GlobalSection(SolutionProperties) = preSolution
		HideSolutionNode = FALSE
	EndGlobalSection
	GlobalSection(NestedProjects) = preSolution
		{38EBF5B8-B42A-43BD-9108-7F26BAC8D531} = {3EAF6AAB-3484-4CD5-BDC1-EB732E4ED313}
		{A06AEB74-3A13-4349-A2FA-AB30D4D1EDF8} = {3EAF6AAB-3484-4CD5-BDC1-EB732E4ED313}
	EndGlobalSection
	GlobalSection(ExtensibilityGlobals) = postSolution
		SolutionGuid = {901B17EE-98D7-4D00-8C80-384987735215}
	EndGlobalSection
EndGlobal
